
Microsoft Visual Studio Solution File, Format Version 11.00
# Visual Studio 2010
Project("{FAE04EC0-301F-11D3-BF4B-00C04F79EFBC}") = "SaneParse", "SaneParse\SaneParse.csproj", "{A10DBC88-B206-4E89-8DCE-A42DAA77133D}"
EndProject
Project("{FAE04EC0-301F-11D3-BF4B-00C04F79EFBC}") = "Test", "Test\Test.csproj", "{323E47E1-E38B-4279-94D3-7ADFD8DD5CF1}"
EndProject
Global
	GlobalSection(SolutionConfigurationPlatforms) = preSolution
		Debug|Any CPU = Debug|Any CPU
		Release|Any CPU = Release|Any CPU
	EndGlobalSection
	GlobalSection(ProjectConfigurationPlatforms) = postSolution
		{323E47E1-E38B-4279-94D3-7ADFD8DD5CF1}.Debug|Any CPU.ActiveCfg = Debug|Any CPU
		{323E47E1-E38B-4279-94D3-7ADFD8DD5CF1}.Debug|Any CPU.Build.0 = Debug|Any CPU
		{323E47E1-E38B-4279-94D3-7ADFD8DD5CF1}.Release|Any CPU.ActiveCfg = Release|Any CPU
		{323E47E1-E38B-4279-94D3-7ADFD8DD5CF1}.Release|Any CPU.Build.0 = Release|Any CPU
		{A10DBC88-B206-4E89-8DCE-A42DAA77133D}.Debug|Any CPU.ActiveCfg = Debug|Any CPU
		{A10DBC88-B206-4E89-8DCE-A42DAA77133D}.Debug|Any CPU.Build.0 = Debug|Any CPU
		{A10DBC88-B206-4E89-8DCE-A42DAA77133D}.Release|Any CPU.ActiveCfg = Release|Any CPU
		{A10DBC88-B206-4E89-8DCE-A42DAA77133D}.Release|Any CPU.Build.0 = Release|Any CPU
	EndGlobalSection
	GlobalSection(MonoDevelopProperties) = preSolution
		StartupItem = Test\Test.csproj
	EndGlobalSection
EndGlobal
